
Microsoft Visual Studio Solution File, Format Version 12.00
# Visual Studio Version 17
VisualStudioVersion = 17.14.36401.2 d17.14
MinimumVisualStudioVersion = 10.0.40219.1
Project("{FAE04EC0-301F-11D3-BF4B-00C04F79EFBC}") = "prova_felipe", "prova_felipe\prova_felipe.csproj", "{8012D23E-17D2-43DE-B37D-697A8CF1E7BB}"
EndProject
Global
	GlobalSection(SolutionConfigurationPlatforms) = preSolution
		Debug|Any CPU = Debug|Any CPU
		Release|Any CPU = Release|Any CPU
	EndGlobalSection
	GlobalSection(ProjectConfigurationPlatforms) = postSolution
		{8012D23E-17D2-43DE-B37D-697A8CF1E7BB}.Debug|Any CPU.ActiveCfg = Debug|Any CPU
		{8012D23E-17D2-43DE-B37D-697A8CF1E7BB}.Debug|Any CPU.Build.0 = Debug|Any CPU
		{8012D23E-17D2-43DE-B37D-697A8CF1E7BB}.Release|Any CPU.ActiveCfg = Release|Any CPU
		{8012D23E-17D2-43DE-B37D-697A8CF1E7BB}.Release|Any CPU.Build.0 = Release|Any CPU
	EndGlobalSection
	GlobalSection(SolutionProperties) = preSolution
		HideSolutionNode = FALSE
	EndGlobalSection
	GlobalSection(ExtensibilityGlobals) = postSolution
		SolutionGuid = {56332195-6328-4A7F-801C-0D84911BCCF5}
	EndGlobalSection
EndGlobal
