
Microsoft Visual Studio Solution File, Format Version 12.00
# Visual Studio Version 17
VisualStudioVersion = 17.14.36429.23 d17.14
MinimumVisualStudioVersion = 10.0.40219.1
Project("{FAE04EC0-301F-11D3-BF4B-00C04F79EFBC}") = "Exercicio_heranca_c#", "Exercicio_heranca_c#\Exercicio_heranca_c#.csproj", "{F9A7DDD9-C8BF-4BB1-BC60-C7D83FB41139}"
EndProject
Global
	GlobalSection(SolutionConfigurationPlatforms) = preSolution
		Debug|Any CPU = Debug|Any CPU
		Release|Any CPU = Release|Any CPU
	EndGlobalSection
	GlobalSection(ProjectConfigurationPlatforms) = postSolution
		{F9A7DDD9-C8BF-4BB1-BC60-C7D83FB41139}.Debug|Any CPU.ActiveCfg = Debug|Any CPU
		{F9A7DDD9-C8BF-4BB1-BC60-C7D83FB41139}.Debug|Any CPU.Build.0 = Debug|Any CPU
		{F9A7DDD9-C8BF-4BB1-BC60-C7D83FB41139}.Release|Any CPU.ActiveCfg = Release|Any CPU
		{F9A7DDD9-C8BF-4BB1-BC60-C7D83FB41139}.Release|Any CPU.Build.0 = Release|Any CPU
	EndGlobalSection
	GlobalSection(SolutionProperties) = preSolution
		HideSolutionNode = FALSE
	EndGlobalSection
	GlobalSection(ExtensibilityGlobals) = postSolution
		SolutionGuid = {73674B13-65C4-4D1B-9726-69167AD59210}
	EndGlobalSection
EndGlobal
