
Microsoft Visual Studio Solution File, Format Version 12.00
# Visual Studio Version 18
VisualStudioVersion = 18.2.11415.280 d18.0
MinimumVisualStudioVersion = 10.0.40219.1
Project("{FAE04EC0-301F-11D3-BF4B-00C04F79EFBC}") = "PulandoNumeros", "PulandoNumeros.csproj", "{4B6171CC-6798-5F46-D32D-EB2248048C2B}"
EndProject
Project("{FAE04EC0-301F-11D3-BF4B-00C04F79EFBC}") = "Tabuada", "..\Tabuada\Tabuada.csproj", "{02F0BAA4-9C7B-4148-820B-9F95EE49BBB7}"
EndProject
Project("{FAE04EC0-301F-11D3-BF4B-00C04F79EFBC}") = "ClassificaçaoNotas", "..\ClassificaçaoNotas\ClassificaçaoNotas.csproj", "{A5BEE9B3-45B7-4D85-B18F-17783825753A}"
EndProject
Project("{FAE04EC0-301F-11D3-BF4B-00C04F79EFBC}") = "LacoCerto", "..\LacoCerto\LacoCerto.csproj", "{36AAD95C-9811-4D91-982B-4F4E3F0076E3}"
EndProject
Project("{FAE04EC0-301F-11D3-BF4B-00C04F79EFBC}") = "ImparOuPar", "..\ImparOuPar\ImparOuPar.csproj", "{2807BA63-68E3-4840-8DD2-EB8A4831CD51}"
EndProject
Global
	GlobalSection(SolutionConfigurationPlatforms) = preSolution
		Debug|Any CPU = Debug|Any CPU
		Release|Any CPU = Release|Any CPU
	EndGlobalSection
	GlobalSection(ProjectConfigurationPlatforms) = postSolution
		{4B6171CC-6798-5F46-D32D-EB2248048C2B}.Debug|Any CPU.ActiveCfg = Debug|Any CPU
		{4B6171CC-6798-5F46-D32D-EB2248048C2B}.Debug|Any CPU.Build.0 = Debug|Any CPU
		{4B6171CC-6798-5F46-D32D-EB2248048C2B}.Release|Any CPU.ActiveCfg = Release|Any CPU
		{4B6171CC-6798-5F46-D32D-EB2248048C2B}.Release|Any CPU.Build.0 = Release|Any CPU
		{02F0BAA4-9C7B-4148-820B-9F95EE49BBB7}.Debug|Any CPU.ActiveCfg = Debug|Any CPU
		{02F0BAA4-9C7B-4148-820B-9F95EE49BBB7}.Debug|Any CPU.Build.0 = Debug|Any CPU
		{02F0BAA4-9C7B-4148-820B-9F95EE49BBB7}.Release|Any CPU.ActiveCfg = Release|Any CPU
		{02F0BAA4-9C7B-4148-820B-9F95EE49BBB7}.Release|Any CPU.Build.0 = Release|Any CPU
		{A5BEE9B3-45B7-4D85-B18F-17783825753A}.Debug|Any CPU.ActiveCfg = Debug|Any CPU
		{A5BEE9B3-45B7-4D85-B18F-17783825753A}.Debug|Any CPU.Build.0 = Debug|Any CPU
		{A5BEE9B3-45B7-4D85-B18F-17783825753A}.Release|Any CPU.ActiveCfg = Release|Any CPU
		{A5BEE9B3-45B7-4D85-B18F-17783825753A}.Release|Any CPU.Build.0 = Release|Any CPU
		{36AAD95C-9811-4D91-982B-4F4E3F0076E3}.Debug|Any CPU.ActiveCfg = Debug|Any CPU
		{36AAD95C-9811-4D91-982B-4F4E3F0076E3}.Debug|Any CPU.Build.0 = Debug|Any CPU
		{36AAD95C-9811-4D91-982B-4F4E3F0076E3}.Release|Any CPU.ActiveCfg = Release|Any CPU
		{36AAD95C-9811-4D91-982B-4F4E3F0076E3}.Release|Any CPU.Build.0 = Release|Any CPU
		{2807BA63-68E3-4840-8DD2-EB8A4831CD51}.Debug|Any CPU.ActiveCfg = Debug|Any CPU
		{2807BA63-68E3-4840-8DD2-EB8A4831CD51}.Debug|Any CPU.Build.0 = Debug|Any CPU
		{2807BA63-68E3-4840-8DD2-EB8A4831CD51}.Release|Any CPU.ActiveCfg = Release|Any CPU
		{2807BA63-68E3-4840-8DD2-EB8A4831CD51}.Release|Any CPU.Build.0 = Release|Any CPU
	EndGlobalSection
	GlobalSection(SolutionProperties) = preSolution
		HideSolutionNode = FALSE
	EndGlobalSection
	GlobalSection(ExtensibilityGlobals) = postSolution
		SolutionGuid = {9B277F2A-F2D5-451A-8BEB-5F0D9AC1AE8A}
	EndGlobalSection
EndGlobal
