<Solution>
  <Folder Name="/desafios/">
    <Project Path="AutenticacaUsuario/AutenticacaUsuario.csproj" />
    <Project Path="operaçoesBasicas/operaçoesBasicas.csproj" />
    <Project Path="Recompensas/Recompensas.csproj" />
    <Project Path="RefatorandoLivros/RefatorandoLivros.csproj" />
    <Project Path="saudacao/saudacao.csproj" />
  </Folder>
  <Project Path="aula/aula.csproj" />
</Solution>
