<Solution>
  <Project Path="AreaRetangulo/AreaRetangulo.csproj" />
  <Project Path="AumentoSalario/AumentoSalario.csproj" />
  <Project Path="ControleDeVidas/ControleDeVidas.csproj" />
  <Project Path="ConvertendoDistancia/ConvertendoDistancia.csproj" />
  <Project Path="ConvertendoTipo/ConvertendoTipo.csproj" />
  <Project Path="ConverterHoras/ConverterHoras.csproj" />
  <Project Path="doacao/doacao.csproj" />
  <Project Path="idade/idade.csproj" />
  <Project Path="mediaNotas/mediaNotas.csproj" />
  <Project Path="Perimetro/Perimetro.csproj" />
</Solution>
